
Microsoft Visual Studio Solution File, Format Version 12.00
# Visual Studio 15
VisualStudioVersion = 15.0.27703.2042
MinimumVisualStudioVersion = 10.0.40219.1
Project("{FAE04EC0-301F-11D3-BF4B-00C04F79EFBC}") = "MahAppsWithAmmyUICaliburn", "MahAppsWithAmmyUICaliburn\MahAppsWithAmmyUICaliburn.csproj", "{7D208914-B5F4-4055-9B26-78B2BD881EED}"
EndProject
Project("{FAE04EC0-301F-11D3-BF4B-00C04F79EFBC}") = "MahAppsWithAmmyUICaliburnNoMEF", "MahAppsWithAmmyUICaliburnNoMEF\MahAppsWithAmmyUICaliburnNoMEF.csproj", "{5225DA56-F003-4A80-BF9C-1F8E40FC08F7}"
EndProject
Global
	GlobalSection(SolutionConfigurationPlatforms) = preSolution
		Debug|Any CPU = Debug|Any CPU
		Release|Any CPU = Release|Any CPU
	EndGlobalSection
	GlobalSection(ProjectConfigurationPlatforms) = postSolution
		{7D208914-B5F4-4055-9B26-78B2BD881EED}.Debug|Any CPU.ActiveCfg = Debug|Any CPU
		{7D208914-B5F4-4055-9B26-78B2BD881EED}.Debug|Any CPU.Build.0 = Debug|Any CPU
		{7D208914-B5F4-4055-9B26-78B2BD881EED}.Release|Any CPU.ActiveCfg = Release|Any CPU
		{7D208914-B5F4-4055-9B26-78B2BD881EED}.Release|Any CPU.Build.0 = Release|Any CPU
		{5225DA56-F003-4A80-BF9C-1F8E40FC08F7}.Debug|Any CPU.ActiveCfg = Debug|Any CPU
		{5225DA56-F003-4A80-BF9C-1F8E40FC08F7}.Debug|Any CPU.Build.0 = Debug|Any CPU
		{5225DA56-F003-4A80-BF9C-1F8E40FC08F7}.Release|Any CPU.ActiveCfg = Release|Any CPU
		{5225DA56-F003-4A80-BF9C-1F8E40FC08F7}.Release|Any CPU.Build.0 = Release|Any CPU
	EndGlobalSection
	GlobalSection(SolutionProperties) = preSolution
		HideSolutionNode = FALSE
	EndGlobalSection
	GlobalSection(ExtensibilityGlobals) = postSolution
		SolutionGuid = {F254D4E5-F95F-4E15-AE45-45E11CC09819}
	EndGlobalSection
EndGlobal
